
Microsoft Visual Studio Solution File, Format Version 12.00
# Visual Studio Version 16
VisualStudioVersion = 16.0.31321.278
MinimumVisualStudioVersion = 10.0.40219.1
Project("{FAE04EC0-301F-11D3-BF4B-00C04F79EFBC}") = "AppCenterWpfApp", "AppCenterWpfApp\AppCenterWpfApp.csproj", "{8CD5EA5B-39DD-4E0E-B8B4-8225E03888C6}"
EndProject
Project("{FAE04EC0-301F-11D3-BF4B-00C04F79EFBC}") = "AppCenterSampleWebApp", "AppCenterSampleWebApp\AppCenterSampleWebApp.csproj", "{DF233F5B-F377-4D8A-8A2B-163299435414}"
EndProject
Global
	GlobalSection(SolutionConfigurationPlatforms) = preSolution
		Debug|Any CPU = Debug|Any CPU
		Release|Any CPU = Release|Any CPU
	EndGlobalSection
	GlobalSection(ProjectConfigurationPlatforms) = postSolution
		{8CD5EA5B-39DD-4E0E-B8B4-8225E03888C6}.Debug|Any CPU.ActiveCfg = Debug|Any CPU
		{8CD5EA5B-39DD-4E0E-B8B4-8225E03888C6}.Debug|Any CPU.Build.0 = Debug|Any CPU
		{8CD5EA5B-39DD-4E0E-B8B4-8225E03888C6}.Release|Any CPU.ActiveCfg = Release|Any CPU
		{8CD5EA5B-39DD-4E0E-B8B4-8225E03888C6}.Release|Any CPU.Build.0 = Release|Any CPU
		{DF233F5B-F377-4D8A-8A2B-163299435414}.Debug|Any CPU.ActiveCfg = Debug|Any CPU
		{DF233F5B-F377-4D8A-8A2B-163299435414}.Debug|Any CPU.Build.0 = Debug|Any CPU
		{DF233F5B-F377-4D8A-8A2B-163299435414}.Release|Any CPU.ActiveCfg = Release|Any CPU
		{DF233F5B-F377-4D8A-8A2B-163299435414}.Release|Any CPU.Build.0 = Release|Any CPU
	EndGlobalSection
	GlobalSection(SolutionProperties) = preSolution
		HideSolutionNode = FALSE
	EndGlobalSection
	GlobalSection(ExtensibilityGlobals) = postSolution
		SolutionGuid = {0BCD5A2F-89C4-4FAA-98D3-89924A9324F9}
	EndGlobalSection
EndGlobal
